
Microsoft Visual Studio Solution File, Format Version 11.00
# Visual Studio 2010
Project("{FAE04EC0-301F-11D3-BF4B-00C04F79EFBC}") = "UnityVS.Game4.CSharp", "UnityVS.Game4.CSharp.csproj", "{095247E4-8785-C282-6602-CE9730DF9613}"
EndProject
Project("{FAE04EC0-301F-11D3-BF4B-00C04F79EFBC}") = "UnityVS.Game4.CSharp.Editor", "UnityVS.Game4.CSharp.Editor.csproj", "{3C564D19-52C1-2E11-CDEE-61975CDC09EE}"
EndProject
Project("{FAE04EC0-301F-11D3-BF4B-00C04F79EFBC}") = "UnityVS.Game4.CSharp.Plugins", "UnityVS.Game4.CSharp.Plugins.csproj", "{D645A97B-9249-4B3A-CC20-D86344FE9409}"
EndProject
Global
	GlobalSection(SolutionConfigurationPlatforms) = preSolution
		Debug|Any CPU = Debug|Any CPU
		Release|Any CPU = Release|Any CPU
	EndGlobalSection
	GlobalSection(ProjectConfigurationPlatforms) = postSolution
		{095247E4-8785-C282-6602-CE9730DF9613}.Debug|Any CPU.ActiveCfg = Debug|Any CPU
		{095247E4-8785-C282-6602-CE9730DF9613}.Debug|Any CPU.Build.0 = Debug|Any CPU
		{095247E4-8785-C282-6602-CE9730DF9613}.Release|Any CPU.ActiveCfg = Release|Any CPU
		{095247E4-8785-C282-6602-CE9730DF9613}.Release|Any CPU.Build.0 = Release|Any CPU
		{3C564D19-52C1-2E11-CDEE-61975CDC09EE}.Debug|Any CPU.ActiveCfg = Debug|Any CPU
		{3C564D19-52C1-2E11-CDEE-61975CDC09EE}.Debug|Any CPU.Build.0 = Debug|Any CPU
		{3C564D19-52C1-2E11-CDEE-61975CDC09EE}.Release|Any CPU.ActiveCfg = Release|Any CPU
		{3C564D19-52C1-2E11-CDEE-61975CDC09EE}.Release|Any CPU.Build.0 = Release|Any CPU
		{D645A97B-9249-4B3A-CC20-D86344FE9409}.Debug|Any CPU.ActiveCfg = Debug|Any CPU
		{D645A97B-9249-4B3A-CC20-D86344FE9409}.Debug|Any CPU.Build.0 = Debug|Any CPU
		{D645A97B-9249-4B3A-CC20-D86344FE9409}.Release|Any CPU.ActiveCfg = Release|Any CPU
		{D645A97B-9249-4B3A-CC20-D86344FE9409}.Release|Any CPU.Build.0 = Release|Any CPU
	EndGlobalSection
	GlobalSection(SolutionProperties) = preSolution
		HideSolutionNode = FALSE
	EndGlobalSection
EndGlobal
